// !$*UTF8*$!
{
	archiveVersion = 1;
	classes = {
	};
	objectVersion = 46;
	objects = {

/* Begin PBXBuildFile section */
		DD220C701DA07591008CECAA /* AppDelegate.swift in Sources */ = {isa = PBXBuildFile; fileRef = DD220C6F1DA07591008CECAA /* AppDelegate.swift */; };
		DD220C721DA07591008CECAA /* RecordSoundsViewController.swift in Sources */ = {isa = PBXBuildFile; fileRef = DD220C711DA07591008CECAA /* RecordSoundsViewController.swift */; };
		DD220C751DA07591008CECAA /* Main.storyboard in Resources */ = {isa = PBXBuildFile; fileRef = DD220C731DA07591008CECAA /* Main.storyboard */; };
		DD220C771DA07591008CECAA /* Assets.xcassets in Resources */ = {isa = PBXBuildFile; fileRef = DD220C761DA07591008CECAA /* Assets.xcassets */; };
		DD220C7A1DA07591008CECAA /* LaunchScreen.storyboard in Resources */ = {isa = PBXBuildFile; fileRef = DD220C781DA07591008CECAA /* LaunchScreen.storyboard */; };
		DD220C851DA07592008CECAA /* PitchPerfectTests.swift in Sources */ = {isa = PBXBuildFile; fileRef = DD220C841DA07592008CECAA /* PitchPerfectTests.swift */; };
		DD220C901DA07592008CECAA /* PitchPerfectUITests.swift in Sources */ = {isa = PBXBuildFile; fileRef = DD220C8F1DA07592008CECAA /* PitchPerfectUITests.swift */; };
		DDB7FFE81DBC149A00E6BDC9 /* PlaySoundsViewController.swift in Sources */ = {isa = PBXBuildFile; fileRef = DDB7FFE71DBC149A00E6BDC9 /* PlaySoundsViewController.swift */; };
		DDB7FFEA1DBC30AA00E6BDC9 /* PlaySoundsViewController+Audio.swift in Sources */ = {isa = PBXBuildFile; fileRef = DDB7FFE91DBC30AA00E6BDC9 /* PlaySoundsViewController+Audio.swift */; };
/* End PBXBuildFile section */

/* Begin PBXContainerItemProxy section */
		DD220C811DA07591008CECAA /* PBXContainerItemProxy */ = {
			isa = PBXContainerItemProxy;
			containerPortal = DD220C641DA0758F008CECAA /* Project object */;
			proxyType = 1;
			remoteGlobalIDString = DD220C6B1DA0758F008CECAA;
			remoteInfo = PitchPerfect;
		};
		DD220C8C1DA07592008CECAA /* PBXContainerItemProxy */ = {
			isa = PBXContainerItemProxy;
			containerPortal = DD220C641DA0758F008CECAA /* Project object */;
			proxyType = 1;
			remoteGlobalIDString = DD220C6B1DA0758F008CECAA;
			remoteInfo = PitchPerfect;
		};
/* End PBXContainerItemProxy section */

/* Begin PBXFileReference section */
		DD220C6C1DA07591008CECAA /* PitchPerfect.app */ = {isa = PBXFileReference; explicitFileType = wrapper.application; includeInIndex = 0; path = PitchPerfect.app; sourceTree = BUILT_PRODUCTS_DIR; };
		DD220C6F1DA07591008CECAA /* AppDelegate.swift */ = {isa = PBXFileReference; lastKnownFileType = sourcecode.swift; path = AppDelegate.swift; sourceTree = "<group>"; };
		DD220C711DA07591008CECAA /* RecordSoundsViewController.swift */ = {isa = PBXFileReference; lastKnownFileType = sourcecode.swift; path = RecordSoundsViewController.swift; sourceTree = "<group>"; };
		DD220C741DA07591008CECAA /* Base */ = {isa = PBXFileReference; lastKnownFileType = file.storyboard; name = Base; path = Base.lproj/Main.storyboard; sourceTree = "<group>"; };
		DD220C761DA07591008CECAA /* Assets.xcassets */ = {isa = PBXFileReference; lastKnownFileType = folder.assetcatalog; path = Assets.xcassets; sourceTree = "<group>"; };
		DD220C791DA07591008CECAA /* Base */ = {isa = PBXFileReference; lastKnownFileType = file.storyboard; name = Base; path = Base.lproj/LaunchScreen.storyboard; sourceTree = "<group>"; };
		DD220C7B1DA07591008CECAA /* Info.plist */ = {isa = PBXFileReference; lastKnownFileType = text.plist.xml; path = Info.plist; sourceTree = "<group>"; };
		DD220C801DA07591008CECAA /* PitchPerfectTests.xctest */ = {isa = PBXFileReference; explicitFileType = wrapper.cfbundle; includeInIndex = 0; path = PitchPerfectTests.xctest; sourceTree = BUILT_PRODUCTS_DIR; };
		DD220C841DA07592008CECAA /* PitchPerfectTests.swift */ = {isa = PBXFileReference; lastKnownFileType = sourcecode.swift; path = PitchPerfectTests.swift; sourceTree = "<group>"; };
		DD220C861DA07592008CECAA /* Info.plist */ = {isa = PBXFileReference; lastKnownFileType = text.plist.xml; path = Info.plist; sourceTree = "<group>"; };
		DD220C8B1DA07592008CECAA /* PitchPerfectUITests.xctest */ = {isa = PBXFileReference; explicitFileType = wrapper.cfbundle; includeInIndex = 0; path = PitchPerfectUITests.xctest; sourceTree = BUILT_PRODUCTS_DIR; };
		DD220C8F1DA07592008CECAA /* PitchPerfectUITests.swift */ = {isa = PBXFileReference; lastKnownFileType = sourcecode.swift; path = PitchPerfectUITests.swift; sourceTree = "<group>"; };
		DD220C911DA07592008CECAA /* Info.plist */ = {isa = PBXFileReference; lastKnownFileType = text.plist.xml; path = Info.plist; sourceTree = "<group>"; };
		DDB7FFE71DBC149A00E6BDC9 /* PlaySoundsViewController.swift */ = {isa = PBXFileReference; fileEncoding = 4; lastKnownFileType = sourcecode.swift; path = PlaySoundsViewController.swift; sourceTree = "<group>"; };
		DDB7FFE91DBC30AA00E6BDC9 /* PlaySoundsViewController+Audio.swift */ = {isa = PBXFileReference; fileEncoding = 4; lastKnownFileType = sourcecode.swift; path = "PlaySoundsViewController+Audio.swift"; sourceTree = "<group>"; };
/* End PBXFileReference section */

/* Begin PBXFrameworksBuildPhase section */
		DD220C691DA0758F008CECAA /* Frameworks */ = {
			isa = PBXFrameworksBuildPhase;
			buildActionMask = 2147483647;
			files = (
			);
			runOnlyForDeploymentPostprocessing = 0;
		};
		DD220C7D1DA07591008CECAA /* Frameworks */ = {
			isa = PBXFrameworksBuildPhase;
			buildActionMask = 2147483647;
			files = (
			);
			runOnlyForDeploymentPostprocessing = 0;
		};
		DD220C881DA07592008CECAA /* Frameworks */ = {
			isa = PBXFrameworksBuildPhase;
			buildActionMask = 2147483647;
			files = (
			);
			runOnlyForDeploymentPostprocessing = 0;
		};
/* End PBXFrameworksBuildPhase section */

/* Begin PBXGroup section */
		DD220C631DA0758F008CECAA = {
			isa = PBXGroup;
			children = (
				DD220C6E1DA07591008CECAA /* PitchPerfect */,
				DD220C831DA07591008CECAA /* PitchPerfectTests */,
				DD220C8E1DA07592008CECAA /* PitchPerfectUITests */,
				DD220C6D1DA07591008CECAA /* Products */,
			);
			sourceTree = "<group>";
		};
		DD220C6D1DA07591008CECAA /* Products */ = {
			isa = PBXGroup;
			children = (
				DD220C6C1DA07591008CECAA /* PitchPerfect.app */,
				DD220C801DA07591008CECAA /* PitchPerfectTests.xctest */,
				DD220C8B1DA07592008CECAA /* PitchPerfectUITests.xctest */,
			);
			name = Products;
			sourceTree = "<group>";
		};
		DD220C6E1DA07591008CECAA /* PitchPerfect */ = {
			isa = PBXGroup;
			children = (
				DD220C6F1DA07591008CECAA /* AppDelegate.swift */,
				DD220C711DA07591008CECAA /* RecordSoundsViewController.swift */,
				DDB7FFE71DBC149A00E6BDC9 /* PlaySoundsViewController.swift */,
				DDB7FFE91DBC30AA00E6BDC9 /* PlaySoundsViewController+Audio.swift */,
				DD220C731DA07591008CECAA /* Main.storyboard */,
				DD220C761DA07591008CECAA /* Assets.xcassets */,
				DD220C781DA07591008CECAA /* LaunchScreen.storyboard */,
				DD220C7B1DA07591008CECAA /* Info.plist */,
			);
			path = PitchPerfect;
			sourceTree = "<group>";
		};
		DD220C831DA07591008CECAA /* PitchPerfectTests */ = {
			isa = PBXGroup;
			children = (
				DD220C841DA07592008CECAA /* PitchPerfectTests.swift */,
				DD220C861DA07592008CECAA /* Info.plist */,
			);
			path = PitchPerfectTests;
			sourceTree = "<group>";
		};
		DD220C8E1DA07592008CECAA /* PitchPerfectUITests */ = {
			isa = PBXGroup;
			children = (
				DD220C8F1DA07592008CECAA /* PitchPerfectUITests.swift */,
				DD220C911DA07592008CECAA /* Info.plist */,
			);
			path = PitchPerfectUITests;
			sourceTree = "<group>";
		};
/* End PBXGroup section */

/* Begin PBXNativeTarget section */
		DD220C6B1DA0758F008CECAA /* PitchPerfect */ = {
			isa = PBXNativeTarget;
			buildConfigurationList = DD220C941DA07592008CECAA /* Build configuration list for PBXNativeTarget "PitchPerfect" */;
			buildPhases = (
				DD220C681DA0758F008CECAA /* Sources */,
				DD220C691DA0758F008CECAA /* Frameworks */,
				DD220C6A1DA0758F008CECAA /* Resources */,
			);
			buildRules = (
			);
			dependencies = (
			);
			name = PitchPerfect;
			productName = PitchPerfect;
			productReference = DD220C6C1DA07591008CECAA /* PitchPerfect.app */;
			productType = "com.apple.product-type.application";
		};
		DD220C7F1DA07591008CECAA /* PitchPerfectTests */ = {
			isa = PBXNativeTarget;
			buildConfigurationList = DD220C971DA07592008CECAA /* Build configuration list for PBXNativeTarget "PitchPerfectTests" */;
			buildPhases = (
				DD220C7C1DA07591008CECAA /* Sources */,
				DD220C7D1DA07591008CECAA /* Frameworks */,
				DD220C7E1DA07591008CECAA /* Resources */,
			);
			buildRules = (
			);
			dependencies = (
				DD220C821DA07591008CECAA /* PBXTargetDependency */,
			);
			name = PitchPerfectTests;
			productName = PitchPerfectTests;
			productReference = DD220C801DA07591008CECAA /* PitchPerfectTests.xctest */;
			productType = "com.apple.product-type.bundle.unit-test";
		};
		DD220C8A1DA07592008CECAA /* PitchPerfectUITests */ = {
			isa = PBXNativeTarget;
			buildConfigurationList = DD220C9A1DA07592008CECAA /* Build configuration list for PBXNativeTarget "PitchPerfectUITests" */;
			buildPhases = (
				DD220C871DA07592008CECAA /* Sources */,
				DD220C881DA07592008CECAA /* Frameworks */,
				DD220C891DA07592008CECAA /* Resources */,
			);
			buildRules = (
			);
			dependencies = (
				DD220C8D1DA07592008CECAA /* PBXTargetDependency */,
			);
			name = PitchPerfectUITests;
			productName = PitchPerfectUITests;
			productReference = DD220C8B1DA07592008CECAA /* PitchPerfectUITests.xctest */;
			productType = "com.apple.product-type.bundle.ui-testing";
		};
/* End PBXNativeTarget section */

/* Begin PBXProject section */
		DD220C641DA0758F008CECAA /* Project object */ = {
			isa = PBXProject;
			attributes = {
				LastSwiftUpdateCheck = 0800;
				LastUpgradeCheck = 0910;
				ORGANIZATIONNAME = "Arturo Reyes";
				TargetAttributes = {
					DD220C6B1DA0758F008CECAA = {
						CreatedOnToolsVersion = 8.0;
						DevelopmentTeam = L49JS5X5VY;
						ProvisioningStyle = Automatic;
					};
					DD220C7F1DA07591008CECAA = {
						CreatedOnToolsVersion = 8.0;
						ProvisioningStyle = Automatic;
						TestTargetID = DD220C6B1DA0758F008CECAA;
					};
					DD220C8A1DA07592008CECAA = {
						CreatedOnToolsVersion = 8.0;
						ProvisioningStyle = Automatic;
						TestTargetID = DD220C6B1DA0758F008CECAA;
					};
				};
			};
			buildConfigurationList = DD220C671DA0758F008CECAA /* Build configuration list for PBXProject "PitchPerfect" */;
			compatibilityVersion = "Xcode 3.2";
			developmentRegion = English;
			hasScannedForEncodings = 0;
			knownRegions = (
				en,
				Base,
			);
			mainGroup = DD220C631DA0758F008CECAA;
			productRefGroup = DD220C6D1DA07591008CECAA /* Products */;
			projectDirPath = "";
			projectRoot = "";
			targets = (
				DD220C6B1DA0758F008CECAA /* PitchPerfect */,
				DD220C7F1DA07591008CECAA /* PitchPerfectTests */,
				DD220C8A1DA07592008CECAA /* PitchPerfectUITests */,
			);
		};
/* End PBXProject section */

/* Begin PBXResourcesBuildPhase section */
		DD220C6A1DA0758F008CECAA /* Resources */ = {
			isa = PBXResourcesBuildPhase;
			buildActionMask = 2147483647;
			files = (
				DD220C7A1DA07591008CECAA /* LaunchScreen.storyboard in Resources */,
				DD220C771DA07591008CECAA /* Assets.xcassets in Resources */,
				DD220C751DA07591008CECAA /* Main.storyboard in Resources */,
			);
			runOnlyForDeploymentPostprocessing = 0;
		};
		DD220C7E1DA07591008CECAA /* Resources */ = {
			isa = PBXResourcesBuildPhase;
			buildActionMask = 2147483647;
			files = (
			);
			runOnlyForDeploymentPostprocessing = 0;
		};
		DD220C891DA07592008CECAA /* Resources */ = {
			isa = PBXResourcesBuildPhase;
			buildActionMask = 2147483647;
			files = (
			);
			runOnlyForDeploymentPostprocessing = 0;
		};
/* End PBXResourcesBuildPhase section */

/* Begin PBXSourcesBuildPhase section */
		DD220C681DA0758F008CECAA /* Sources */ = {
			isa = PBXSourcesBuildPhase;
			buildActionMask = 2147483647;
			files = (
				DD220C721DA07591008CECAA /* RecordSoundsViewController.swift in Sources */,
				DDB7FFEA1DBC30AA00E6BDC9 /* PlaySoundsViewController+Audio.swift in Sources */,
				DDB7FFE81DBC149A00E6BDC9 /* PlaySoundsViewController.swift in Sources */,
				DD220C701DA07591008CECAA /* AppDelegate.swift in Sources */,
			);
			runOnlyForDeploymentPostprocessing = 0;
		};
		DD220C7C1DA07591008CECAA /* Sources */ = {
			isa = PBXSourcesBuildPhase;
			buildActionMask = 2147483647;
			files = (
				DD220C851DA07592008CECAA /* PitchPerfectTests.swift in Sources */,
			);
			runOnlyForDeploymentPostprocessing = 0;
		};
		DD220C871DA07592008CECAA /* Sources */ = {
			isa = PBXSourcesBuildPhase;
			buildActionMask = 2147483647;
			files = (
				DD220C901DA07592008CECAA /* PitchPerfectUITests.swift in Sources */,
			);
			runOnlyForDeploymentPostprocessing = 0;
		};
/* End PBXSourcesBuildPhase section */

/* Begin PBXTargetDependency section */
		DD220C821DA07591008CECAA /* PBXTargetDependency */ = {
			isa = PBXTargetDependency;
			target = DD220C6B1DA0758F008CECAA /* PitchPerfect */;
			targetProxy = DD220C811DA07591008CECAA /* PBXContainerItemProxy */;
		};
		DD220C8D1DA07592008CECAA /* PBXTargetDependency */ = {
			isa = PBXTargetDependency;
			target = DD220C6B1DA0758F008CECAA /* PitchPerfect */;
			targetProxy = DD220C8C1DA07592008CECAA /* PBXContainerItemProxy */;
		};
/* End PBXTargetDependency section */

/* Begin PBXVariantGroup section */
		DD220C731DA07591008CECAA /* Main.storyboard */ = {
			isa = PBXVariantGroup;
			children = (
				DD220C741DA07591008CECAA /* Base */,
			);
			name = Main.storyboard;
			sourceTree = "<group>";
		};
		DD220C781DA07591008CECAA /* LaunchScreen.storyboard */ = {
			isa = PBXVariantGroup;
			children = (
				DD220C791DA07591008CECAA /* Base */,
			);
			name = LaunchScreen.storyboard;
			sourceTree = "<group>";
		};
/* End PBXVariantGroup section */

/* Begin XCBuildConfiguration section */
		DD220C921DA07592008CECAA /* Debug */ = {
			isa = XCBuildConfiguration;
			buildSettings = {
				ALWAYS_SEARCH_USER_PATHS = NO;
				CLANG_ANALYZER_NONNULL = YES;
				CLANG_CXX_LANGUAGE_STANDARD = "gnu++0x";
				CLANG_CXX_LIBRARY = "libc++";
				CLANG_ENABLE_MODULES = YES;
				CLANG_ENABLE_OBJC_ARC = YES;
				CLANG_WARN_BLOCK_CAPTURE_AUTORELEASING = YES;
				CLANG_WARN_BOOL_CONVERSION = YES;
				CLANG_WARN_COMMA = YES;
				CLANG_WARN_CONSTANT_CONVERSION = YES;
				CLANG_WARN_DIRECT_OBJC_ISA_USAGE = YES_ERROR;
				CLANG_WARN_DOCUMENTATION_COMMENTS = YES;
				CLANG_WARN_EMPTY_BODY = YES;
				CLANG_WARN_ENUM_CONVERSION = YES;
				CLANG_WARN_INFINITE_RECURSION = YES;
				CLANG_WARN_INT_CONVERSION = YES;
				CLANG_WARN_NON_LITERAL_NULL_CONVERSION = YES;
				CLANG_WARN_OBJC_LITERAL_CONVERSION = YES;
				CLANG_WARN_OBJC_ROOT_CLASS = YES_ERROR;
				CLANG_WARN_RANGE_LOOP_ANALYSIS = YES;
				CLANG_WARN_STRICT_PROTOTYPES = YES;
				CLANG_WARN_SUSPICIOUS_MOVE = YES;
				CLANG_WARN_SUSPICIOUS_MOVES = YES;
				CLANG_WARN_UNREACHABLE_CODE = YES;
				CLANG_WARN__DUPLICATE_METHOD_MATCH = YES;
				"CODE_SIGN_IDENTITY[sdk=iphoneos*]" = "iPhone Developer";
				COPY_PHASE_STRIP = NO;
				DEBUG_INFORMATION_FORMAT = dwarf;
				ENABLE_STRICT_OBJC_MSGSEND = YES;
				ENABLE_TESTABILITY = YES;
				GCC_C_LANGUAGE_STANDARD = gnu99;
				GCC_DYNAMIC_NO_PIC = NO;
				GCC_NO_COMMON_BLOCKS = YES;
				GCC_OPTIMIZATION_LEVEL = 0;
				GCC_PREPROCESSOR_DEFINITIONS = (
					"DEBUG=1",
					"$(inherited)",
				);
				GCC_WARN_64_TO_32_BIT_CONVERSION = YES;
				GCC_WARN_ABOUT_RETURN_TYPE = YES_ERROR;
				GCC_WARN_UNDECLARED_SELECTOR = YES;
				GCC_WARN_UNINITIALIZED_AUTOS = YES_AGGRESSIVE;
				GCC_WARN_UNUSED_FUNCTION = YES;
				GCC_WARN_UNUSED_VARIABLE = YES;
				IPHONEOS_DEPLOYMENT_TARGET = 10.0;
				MTL_ENABLE_DEBUG_INFO = YES;
				ONLY_ACTIVE_ARCH = YES;
				SDKROOT = iphoneos;
				SWIFT_ACTIVE_COMPILATION_CONDITIONS = DEBUG;
				SWIFT_OPTIMIZATION_LEVEL = "-Onone";
				TARGETED_DEVICE_FAMILY = "1,2";
			};
			name = Debug;
		};
		DD220C931DA07592008CECAA /* Release */ = {
			isa = XCBuildConfiguration;
			buildSettings = {
				ALWAYS_SEARCH_USER_PATHS = NO;
				CLANG_ANALYZER_NONNULL = YES;
				CLANG_CXX_LANGUAGE_STANDARD = "gnu++0x";
				CLANG_CXX_LIBRARY = "libc++";
				CLANG_ENABLE_MODULES = YES;
				CLANG_ENABLE_OBJC_ARC = YES;
				CLANG_WARN_BLOCK_CAPTURE_AUTORELEASING = YES;
				CLANG_WARN_BOOL_CONVERSION = YES;
				CLANG_WARN_COMMA = YES;
				CLANG_WARN_CONSTANT_CONVERSION = YES;
				CLANG_WARN_DIRECT_OBJC_ISA_USAGE = YES_ERROR;
				CLANG_WARN_DOCUMENTATION_COMMENTS = YES;
				CLANG_WARN_EMPTY_BODY = YES;
				CLANG_WARN_ENUM_CONVERSION = YES;
				CLANG_WARN_INFINITE_RECURSION = YES;
				CLANG_WARN_INT_CONVERSION = YES;
				CLANG_WARN_NON_LITERAL_NULL_CONVERSION = YES;
				CLANG_WARN_OBJC_LITERAL_CONVERSION = YES;
				CLANG_WARN_OBJC_ROOT_CLASS = YES_ERROR;
				CLANG_WARN_RANGE_LOOP_ANALYSIS = YES;
				CLANG_WARN_STRICT_PROTOTYPES = YES;
				CLANG_WARN_SUSPICIOUS_MOVE = YES;
				CLANG_WARN_SUSPICIOUS_MOVES = YES;
				CLANG_WARN_UNREACHABLE_CODE = YES;
				CLANG_WARN__DUPLICATE_METHOD_MATCH = YES;
				"CODE_SIGN_IDENTITY[sdk=iphoneos*]" = "iPhone Developer";
				COPY_PHASE_STRIP = NO;
				DEBUG_INFORMATION_FORMAT = "dwarf-with-dsym";
				ENABLE_NS_ASSERTIONS = NO;
				ENABLE_STRICT_OBJC_MSGSEND = YES;
				GCC_C_LANGUAGE_STANDARD = gnu99;
				GCC_NO_COMMON_BLOCKS = YES;
				GCC_WARN_64_TO_32_BIT_CONVERSION = YES;
				GCC_WARN_ABOUT_RETURN_TYPE = YES_ERROR;
				GCC_WARN_UNDECLARED_SELECTOR = YES;
				GCC_WARN_UNINITIALIZED_AUTOS = YES_AGGRESSIVE;
				GCC_WARN_UNUSED_FUNCTION = YES;
				GCC_WARN_UNUSED_VARIABLE = YES;
				IPHONEOS_DEPLOYMENT_TARGET = 10.0;
				MTL_ENABLE_DEBUG_INFO = NO;
				SDKROOT = iphoneos;
				SWIFT_OPTIMIZATION_LEVEL = "-Owholemodule";
				TARGETED_DEVICE_FAMILY = "1,2";
				VALIDATE_PRODUCT = YES;
			};
			name = Release;
		};
		DD220C951DA07592008CECAA /* Debug */ = {
			isa = XCBuildConfiguration;
			buildSettings = {
				ASSETCATALOG_COMPILER_APPICON_NAME = AppIcon;
				DEVELOPMENT_TEAM = L49JS5X5VY;
				INFOPLIST_FILE = PitchPerfect/Info.plist;
				LD_RUNPATH_SEARCH_PATHS = "$(inherited) @executable_path/Frameworks";
				PRODUCT_BUNDLE_IDENTIFIER = reyes.PitchPerfect;
				PRODUCT_NAME = "$(TARGET_NAME)";
				SWIFT_VERSION = 3.0;
			};
			name = Debug;
		};
		DD220C961DA07592008CECAA /* Release */ = {
			isa = XCBuildConfiguration;
			buildSettings = {
				ASSETCATALOG_COMPILER_APPICON_NAME = AppIcon;
				DEVELOPMENT_TEAM = L49JS5X5VY;
				INFOPLIST_FILE = PitchPerfect/Info.plist;
				LD_RUNPATH_SEARCH_PATHS = "$(inherited) @executable_path/Frameworks";
				PRODUCT_BUNDLE_IDENTIFIER = reyes.PitchPerfect;
				PRODUCT_NAME = "$(TARGET_NAME)";
				SWIFT_VERSION = 3.0;
			};
			name = Release;
		};
		DD220C981DA07592008CECAA /* Debug */ = {
			isa = XCBuildConfiguration;
			buildSettings = {
				ALWAYS_EMBED_SWIFT_STANDARD_LIBRARIES = YES;
				BUNDLE_LOADER = "$(TEST_HOST)";
				INFOPLIST_FILE = PitchPerfectTests/Info.plist;
				LD_RUNPATH_SEARCH_PATHS = "$(inherited) @executable_path/Frameworks @loader_path/Frameworks";
				PRODUCT_BUNDLE_IDENTIFIER = reyes.PitchPerfectTests;
				PRODUCT_NAME = "$(TARGET_NAME)";
				SWIFT_VERSION = 3.0;
				TEST_HOST = "$(BUILT_PRODUCTS_DIR)/PitchPerfect.app/PitchPerfect";
			};
			name = Debug;
		};
		DD220C991DA07592008CECAA /* Release */ = {
			isa = XCBuildConfiguration;
			buildSettings = {
				ALWAYS_EMBED_SWIFT_STANDARD_LIBRARIES = YES;
				BUNDLE_LOADER = "$(TEST_HOST)";
				INFOPLIST_FILE = PitchPerfectTests/Info.plist;
				LD_RUNPATH_SEARCH_PATHS = "$(inherited) @executable_path/Frameworks @loader_path/Frameworks";
				PRODUCT_BUNDLE_IDENTIFIER = reyes.PitchPerfectTests;
				PRODUCT_NAME = "$(TARGET_NAME)";
				SWIFT_VERSION = 3.0;
				TEST_HOST = "$(BUILT_PRODUCTS_DIR)/PitchPerfect.app/PitchPerfect";
			};
			name = Release;
		};
		DD220C9B1DA07592008CECAA /* Debug */ = {
			isa = XCBuildConfiguration;
			buildSettings = {
				ALWAYS_EMBED_SWIFT_STANDARD_LIBRARIES = YES;
				INFOPLIST_FILE = PitchPerfectUITests/Info.plist;
				LD_RUNPATH_SEARCH_PATHS = "$(inherited) @executable_path/Frameworks @loader_path/Frameworks";
				PRODUCT_BUNDLE_IDENTIFIER = reyes.PitchPerfectUITests;
				PRODUCT_NAME = "$(TARGET_NAME)";
				SWIFT_VERSION = 3.0;
				TEST_TARGET_NAME = PitchPerfect;
			};
			name = Debug;
		};
		DD220C9C1DA07592008CECAA /* Release */ = {
			isa = XCBuildConfiguration;
			buildSettings = {
				ALWAYS_EMBED_SWIFT_STANDARD_LIBRARIES = YES;
				INFOPLIST_FILE = PitchPerfectUITests/Info.plist;
				LD_RUNPATH_SEARCH_PATHS = "$(inherited) @executable_path/Frameworks @loader_path/Frameworks";
				PRODUCT_BUNDLE_IDENTIFIER = reyes.PitchPerfectUITests;
				PRODUCT_NAME = "$(TARGET_NAME)";
				SWIFT_VERSION = 3.0;
				TEST_TARGET_NAME = PitchPerfect;
			};
			name = Release;
		};
/* End XCBuildConfiguration section */

/* Begin XCConfigurationList section */
		DD220C671DA0758F008CECAA /* Build configuration list for PBXProject "PitchPerfect" */ = {
			isa = XCConfigurationList;
			buildConfigurations = (
				DD220C921DA07592008CECAA /* Debug */,
				DD220C931DA07592008CECAA /* Release */,
			);
			defaultConfigurationIsVisible = 0;
			defaultConfigurationName = Release;
		};
		DD220C941DA07592008CECAA /* Build configuration list for PBXNativeTarget "PitchPerfect" */ = {
			isa = XCConfigurationList;
			buildConfigurations = (
				DD220C951DA07592008CECAA /* Debug */,
				DD220C961DA07592008CECAA /* Release */,
			);
			defaultConfigurationIsVisible = 0;
			defaultConfigurationName = Release;
		};
		DD220C971DA07592008CECAA /* Build configuration list for PBXNativeTarget "PitchPerfectTests" */ = {
			isa = XCConfigurationList;
			buildConfigurations = (
				DD220C981DA07592008CECAA /* Debug */,
				DD220C991DA07592008CECAA /* Release */,
			);
			defaultConfigurationIsVisible = 0;
			defaultConfigurationName = Release;
		};
		DD220C9A1DA07592008CECAA /* Build configuration list for PBXNativeTarget "PitchPerfectUITests" */ = {
			isa = XCConfigurationList;
			buildConfigurations = (
				DD220C9B1DA07592008CECAA /* Debug */,
				DD220C9C1DA07592008CECAA /* Release */,
			);
			defaultConfigurationIsVisible = 0;
			defaultConfigurationName = Release;
		};
/* End XCConfigurationList section */
	};
	rootObject = DD220C641DA0758F008CECAA /* Project object */;
}
